
Microsoft Visual Studio Solution File, Format Version 12.00
# Visual Studio Version 16
VisualStudioVersion = 16.0.29728.190
MinimumVisualStudioVersion = 10.0.40219.1
Project("{FAE04EC0-301F-11D3-BF4B-00C04F79EFBC}") = "Quartz-text1", "Quartz-text1\Quartz-text1.csproj", "{E76B9206-61CE-42EB-BDC9-17AC7C16CE1F}"
EndProject
Global
	GlobalSection(SolutionConfigurationPlatforms) = preSolution
		Debug|Any CPU = Debug|Any CPU
		Release|Any CPU = Release|Any CPU
	EndGlobalSection
	GlobalSection(ProjectConfigurationPlatforms) = postSolution
		{E76B9206-61CE-42EB-BDC9-17AC7C16CE1F}.Debug|Any CPU.ActiveCfg = Debug|Any CPU
		{E76B9206-61CE-42EB-BDC9-17AC7C16CE1F}.Debug|Any CPU.Build.0 = Debug|Any CPU
		{E76B9206-61CE-42EB-BDC9-17AC7C16CE1F}.Release|Any CPU.ActiveCfg = Release|Any CPU
		{E76B9206-61CE-42EB-BDC9-17AC7C16CE1F}.Release|Any CPU.Build.0 = Release|Any CPU
	EndGlobalSection
	GlobalSection(SolutionProperties) = preSolution
		HideSolutionNode = FALSE
	EndGlobalSection
	GlobalSection(ExtensibilityGlobals) = postSolution
		SolutionGuid = {6ECC6CA9-6B19-4306-8027-33A516BA3F5B}
	EndGlobalSection
EndGlobal
