
Microsoft Visual Studio Solution File, Format Version 12.00
# Visual Studio 15
VisualStudioVersion = 15.0.28307.489
MinimumVisualStudioVersion = 10.0.40219.1
Project("{FAE04EC0-301F-11D3-BF4B-00C04F79EFBC}") = "Model", "CZBK.ItcastOA.Model\Model.csproj", "{752BB203-433A-4237-9865-62218A501AFA}"
EndProject
Project("{FAE04EC0-301F-11D3-BF4B-00C04F79EFBC}") = "Common", "CZBK.ItcastOA.Common\Common.csproj", "{60C000FF-5A75-4B9B-9C8E-E4A6268CC637}"
EndProject
Project("{FAE04EC0-301F-11D3-BF4B-00C04F79EFBC}") = "DAL", "CZBK.ItcastOA.DAL\DAL.csproj", "{7EC4AB69-1106-45E9-B177-679168A5D0CF}"
EndProject
Project("{FAE04EC0-301F-11D3-BF4B-00C04F79EFBC}") = "IDAL", "CZBK.ItcastOA.IDAL\IDAL.csproj", "{1D6F6E1A-EB7D-4B91-A751-7C38E2E778FC}"
EndProject
Project("{FAE04EC0-301F-11D3-BF4B-00C04F79EFBC}") = "DALFactory", "CZBK.ItcastOA.DALFactory\DALFactory.csproj", "{B594F758-0ED1-451C-A14A-91EBAB2F1F8A}"
EndProject
Project("{FAE04EC0-301F-11D3-BF4B-00C04F79EFBC}") = "IBLL", "CZBK.ItcastOA.IBLL\IBLL.csproj", "{410DACE7-B2CE-48A8-90A8-9E6337606795}"
EndProject
Project("{FAE04EC0-301F-11D3-BF4B-00C04F79EFBC}") = "BLL", "CZBK.ItcastOA.BLL\BLL.csproj", "{DA61C89E-3A80-440A-B6B0-0ABB77475467}"
EndProject
Project("{FAE04EC0-301F-11D3-BF4B-00C04F79EFBC}") = "WebApp", "CZBK.ItcastOA.WebApp\WebApp.csproj", "{66951330-B463-498C-97EB-9E09A5F1DA1C}"
EndProject
Project("{2150E333-8FDC-42A3-9474-1A3956D46DE8}") = "Demo", "Demo", "{A434055D-20CA-4508-AA50-0288C4C7833B}"
EndProject
Project("{FAE04EC0-301F-11D3-BF4B-00C04F79EFBC}") = "CZBK.ItcastOA.SpringNet", "CZBK.ItcastOA.SpringNet\CZBK.ItcastOA.SpringNet.csproj", "{A79C3335-B3DD-468A-B508-D5B20810C7FC}"
EndProject
Project("{FAE04EC0-301F-11D3-BF4B-00C04F79EFBC}") = "CZBK.ItcastOA.MemcacheDemo", "CZBK.ItcastOA.MemcacheDemo\CZBK.ItcastOA.MemcacheDemo.csproj", "{23AEFFDE-57AD-40FB-8A40-4EBB050F98B8}"
EndProject
Project("{FAE04EC0-301F-11D3-BF4B-00C04F79EFBC}") = "CZBK.ItcastOA.LuceneNetDemo", "CZBK.ItcastOA.LuceneNetDemo\CZBK.ItcastOA.LuceneNetDemo.csproj", "{E22B3BDA-C14D-4015-8766-562FCB980789}"
EndProject
Project("{FAE04EC0-301F-11D3-BF4B-00C04F79EFBC}") = "QuartzNet", "CZBK.ItcastOA.QuartzNet\QuartzNet.csproj", "{36FB9F38-D787-43F0-9674-5D27A7BF3F2A}"
EndProject
Project("{FAE04EC0-301F-11D3-BF4B-00C04F79EFBC}") = "WebFormApp", "CZBK.ItcastOA.WebFormApp\WebFormApp.csproj", "{CB260A12-08FB-429E-9D74-669125374EDA}"
	ProjectSection(ProjectDependencies) = postProject
		{66951330-B463-498C-97EB-9E09A5F1DA1C} = {66951330-B463-498C-97EB-9E09A5F1DA1C}
	EndProjectSection
EndProject
Global
	GlobalSection(SolutionConfigurationPlatforms) = preSolution
		Debug|Any CPU = Debug|Any CPU
		Release|Any CPU = Release|Any CPU
	EndGlobalSection
	GlobalSection(ProjectConfigurationPlatforms) = postSolution
		{752BB203-433A-4237-9865-62218A501AFA}.Debug|Any CPU.ActiveCfg = Debug|Any CPU
		{752BB203-433A-4237-9865-62218A501AFA}.Debug|Any CPU.Build.0 = Debug|Any CPU
		{752BB203-433A-4237-9865-62218A501AFA}.Release|Any CPU.ActiveCfg = Release|Any CPU
		{752BB203-433A-4237-9865-62218A501AFA}.Release|Any CPU.Build.0 = Release|Any CPU
		{60C000FF-5A75-4B9B-9C8E-E4A6268CC637}.Debug|Any CPU.ActiveCfg = Debug|Any CPU
		{60C000FF-5A75-4B9B-9C8E-E4A6268CC637}.Debug|Any CPU.Build.0 = Debug|Any CPU
		{60C000FF-5A75-4B9B-9C8E-E4A6268CC637}.Release|Any CPU.ActiveCfg = Release|Any CPU
		{60C000FF-5A75-4B9B-9C8E-E4A6268CC637}.Release|Any CPU.Build.0 = Release|Any CPU
		{7EC4AB69-1106-45E9-B177-679168A5D0CF}.Debug|Any CPU.ActiveCfg = Debug|Any CPU
		{7EC4AB69-1106-45E9-B177-679168A5D0CF}.Debug|Any CPU.Build.0 = Debug|Any CPU
		{7EC4AB69-1106-45E9-B177-679168A5D0CF}.Release|Any CPU.ActiveCfg = Release|Any CPU
		{7EC4AB69-1106-45E9-B177-679168A5D0CF}.Release|Any CPU.Build.0 = Release|Any CPU
		{1D6F6E1A-EB7D-4B91-A751-7C38E2E778FC}.Debug|Any CPU.ActiveCfg = Debug|Any CPU
		{1D6F6E1A-EB7D-4B91-A751-7C38E2E778FC}.Debug|Any CPU.Build.0 = Debug|Any CPU
		{1D6F6E1A-EB7D-4B91-A751-7C38E2E778FC}.Release|Any CPU.ActiveCfg = Release|Any CPU
		{1D6F6E1A-EB7D-4B91-A751-7C38E2E778FC}.Release|Any CPU.Build.0 = Release|Any CPU
		{B594F758-0ED1-451C-A14A-91EBAB2F1F8A}.Debug|Any CPU.ActiveCfg = Debug|Any CPU
		{B594F758-0ED1-451C-A14A-91EBAB2F1F8A}.Debug|Any CPU.Build.0 = Debug|Any CPU
		{B594F758-0ED1-451C-A14A-91EBAB2F1F8A}.Release|Any CPU.ActiveCfg = Release|Any CPU
		{B594F758-0ED1-451C-A14A-91EBAB2F1F8A}.Release|Any CPU.Build.0 = Release|Any CPU
		{410DACE7-B2CE-48A8-90A8-9E6337606795}.Debug|Any CPU.ActiveCfg = Debug|Any CPU
		{410DACE7-B2CE-48A8-90A8-9E6337606795}.Debug|Any CPU.Build.0 = Debug|Any CPU
		{410DACE7-B2CE-48A8-90A8-9E6337606795}.Release|Any CPU.ActiveCfg = Release|Any CPU
		{410DACE7-B2CE-48A8-90A8-9E6337606795}.Release|Any CPU.Build.0 = Release|Any CPU
		{DA61C89E-3A80-440A-B6B0-0ABB77475467}.Debug|Any CPU.ActiveCfg = Debug|Any CPU
		{DA61C89E-3A80-440A-B6B0-0ABB77475467}.Debug|Any CPU.Build.0 = Debug|Any CPU
		{DA61C89E-3A80-440A-B6B0-0ABB77475467}.Release|Any CPU.ActiveCfg = Release|Any CPU
		{DA61C89E-3A80-440A-B6B0-0ABB77475467}.Release|Any CPU.Build.0 = Release|Any CPU
		{66951330-B463-498C-97EB-9E09A5F1DA1C}.Debug|Any CPU.ActiveCfg = Debug|Any CPU
		{66951330-B463-498C-97EB-9E09A5F1DA1C}.Debug|Any CPU.Build.0 = Debug|Any CPU
		{66951330-B463-498C-97EB-9E09A5F1DA1C}.Release|Any CPU.ActiveCfg = Release|Any CPU
		{66951330-B463-498C-97EB-9E09A5F1DA1C}.Release|Any CPU.Build.0 = Release|Any CPU
		{A79C3335-B3DD-468A-B508-D5B20810C7FC}.Debug|Any CPU.ActiveCfg = Debug|Any CPU
		{A79C3335-B3DD-468A-B508-D5B20810C7FC}.Debug|Any CPU.Build.0 = Debug|Any CPU
		{A79C3335-B3DD-468A-B508-D5B20810C7FC}.Release|Any CPU.ActiveCfg = Release|Any CPU
		{A79C3335-B3DD-468A-B508-D5B20810C7FC}.Release|Any CPU.Build.0 = Release|Any CPU
		{23AEFFDE-57AD-40FB-8A40-4EBB050F98B8}.Debug|Any CPU.ActiveCfg = Debug|Any CPU
		{23AEFFDE-57AD-40FB-8A40-4EBB050F98B8}.Debug|Any CPU.Build.0 = Debug|Any CPU
		{23AEFFDE-57AD-40FB-8A40-4EBB050F98B8}.Release|Any CPU.ActiveCfg = Release|Any CPU
		{23AEFFDE-57AD-40FB-8A40-4EBB050F98B8}.Release|Any CPU.Build.0 = Release|Any CPU
		{E22B3BDA-C14D-4015-8766-562FCB980789}.Debug|Any CPU.ActiveCfg = Debug|Any CPU
		{E22B3BDA-C14D-4015-8766-562FCB980789}.Debug|Any CPU.Build.0 = Debug|Any CPU
		{E22B3BDA-C14D-4015-8766-562FCB980789}.Release|Any CPU.ActiveCfg = Release|Any CPU
		{E22B3BDA-C14D-4015-8766-562FCB980789}.Release|Any CPU.Build.0 = Release|Any CPU
		{36FB9F38-D787-43F0-9674-5D27A7BF3F2A}.Debug|Any CPU.ActiveCfg = Debug|Any CPU
		{36FB9F38-D787-43F0-9674-5D27A7BF3F2A}.Debug|Any CPU.Build.0 = Debug|Any CPU
		{36FB9F38-D787-43F0-9674-5D27A7BF3F2A}.Release|Any CPU.ActiveCfg = Release|Any CPU
		{36FB9F38-D787-43F0-9674-5D27A7BF3F2A}.Release|Any CPU.Build.0 = Release|Any CPU
		{CB260A12-08FB-429E-9D74-669125374EDA}.Debug|Any CPU.ActiveCfg = Debug|Any CPU
		{CB260A12-08FB-429E-9D74-669125374EDA}.Debug|Any CPU.Build.0 = Debug|Any CPU
		{CB260A12-08FB-429E-9D74-669125374EDA}.Release|Any CPU.ActiveCfg = Release|Any CPU
		{CB260A12-08FB-429E-9D74-669125374EDA}.Release|Any CPU.Build.0 = Release|Any CPU
	EndGlobalSection
	GlobalSection(SolutionProperties) = preSolution
		HideSolutionNode = FALSE
	EndGlobalSection
	GlobalSection(NestedProjects) = preSolution
		{A79C3335-B3DD-468A-B508-D5B20810C7FC} = {A434055D-20CA-4508-AA50-0288C4C7833B}
		{23AEFFDE-57AD-40FB-8A40-4EBB050F98B8} = {A434055D-20CA-4508-AA50-0288C4C7833B}
		{E22B3BDA-C14D-4015-8766-562FCB980789} = {A434055D-20CA-4508-AA50-0288C4C7833B}
	EndGlobalSection
	GlobalSection(ExtensibilityGlobals) = postSolution
		SolutionGuid = {D88268FB-987A-4609-9A07-C5977DBB71F1}
	EndGlobalSection
EndGlobal
