
Microsoft Visual Studio Solution File, Format Version 12.00
# Visual Studio 15
VisualStudioVersion = 15.0.28307.489
MinimumVisualStudioVersion = 10.0.40219.1
Project("{E24C65DC-7377-472B-9ABA-BC803B73C61A}") = "WebSite2", "WebSite2\", "{6A78D6C4-FBFC-4963-938E-460E4E191C3E}"
	ProjectSection(WebsiteProperties) = preProject
		TargetFrameworkMoniker = ".NETFramework,Version%3Dv4.5.2"
		Debug.AspNetCompiler.VirtualPath = "/localhost_23472"
		Debug.AspNetCompiler.PhysicalPath = "WebSite2\"
		Debug.AspNetCompiler.TargetPath = "PrecompiledWeb\localhost_23472\"
		Debug.AspNetCompiler.Updateable = "true"
		Debug.AspNetCompiler.ForceOverwrite = "true"
		Debug.AspNetCompiler.FixedNames = "false"
		Debug.AspNetCompiler.Debug = "True"
		Release.AspNetCompiler.VirtualPath = "/localhost_23472"
		Release.AspNetCompiler.PhysicalPath = "WebSite2\"
		Release.AspNetCompiler.TargetPath = "PrecompiledWeb\localhost_23472\"
		Release.AspNetCompiler.Updateable = "true"
		Release.AspNetCompiler.ForceOverwrite = "true"
		Release.AspNetCompiler.FixedNames = "false"
		Release.AspNetCompiler.Debug = "False"
		VWDPort = "23472"
		SlnRelativePath = "WebSite2\"
		DefaultWebSiteLanguage = "Visual C#"
	EndProjectSection
EndProject
Project("{FAE04EC0-301F-11D3-BF4B-00C04F79EFBC}") = "WebApplication", "FirstWebApplication\WebApplication.csproj", "{CD608182-DB97-4BFA-93A1-FF6FDBFBC05C}"
EndProject
Project("{2150E333-8FDC-42A3-9474-1A3956D46DE8}") = "Allen.ProjectASPNET", "Allen.ProjectASPNET", "{CB0F4B45-3F52-4DAE-9E2D-595D39BCE798}"
EndProject
Project("{FAE04EC0-301F-11D3-BF4B-00C04F79EFBC}") = "DAL", "DAL\DAL.csproj", "{E23E41F1-8D91-479D-B5BC-B3561EF7203B}"
EndProject
Project("{FAE04EC0-301F-11D3-BF4B-00C04F79EFBC}") = "BLL", "BLL\BLL.csproj", "{7B24FBB5-0B5B-4518-A500-47C39B1904A0}"
EndProject
Project("{FAE04EC0-301F-11D3-BF4B-00C04F79EFBC}") = "Model", "Model\Model.csproj", "{B58A5364-C872-4039-AC74-64EBE432CD0D}"
EndProject
Project("{FAE04EC0-301F-11D3-BF4B-00C04F79EFBC}") = "Common", "Common\Common.csproj", "{400405F1-5F6C-4AE4-BF65-3F8ABCCDC038}"
EndProject
Project("{FAE04EC0-301F-11D3-BF4B-00C04F79EFBC}") = "WebApp", "WebApp\WebApp.csproj", "{2B99932B-5600-45F3-9C9A-9323D89CB243}"
EndProject
Project("{2150E333-8FDC-42A3-9474-1A3956D46DE8}") = "Thread", "Thread", "{83E9B885-FD74-409B-9FB4-38B7A8216AD4}"
EndProject
Project("{FAE04EC0-301F-11D3-BF4B-00C04F79EFBC}") = "WnformDemo", "WnformDemo\WnformDemo.csproj", "{207D0B01-0C70-491A-A6CC-66AFFA4CA673}"
EndProject
Project("{FAE04EC0-301F-11D3-BF4B-00C04F79EFBC}") = "MyWebServer", "MyWebServer\MyWebServer.csproj", "{3B319234-B199-47A9-84D9-A3F9DDB47ADE}"
EndProject
Project("{FAE04EC0-301F-11D3-BF4B-00C04F79EFBC}") = "ThreadPoolDemo", "ThreadPoolDemo\ThreadPoolDemo.csproj", "{F9CB2667-4F3B-465B-8530-C22079C08D60}"
EndProject
Project("{2150E333-8FDC-42A3-9474-1A3956D46DE8}") = "Allen.EF", "Allen.EF", "{FEFDE683-D08A-44CF-8980-044804E83750}"
EndProject
Project("{2150E333-8FDC-42A3-9474-1A3956D46DE8}") = "Allen.MVC", "Allen.MVC", "{BEEFC14C-813D-45FA-8E69-FC17BC20D398}"
EndProject
Project("{FAE04EC0-301F-11D3-BF4B-00C04F79EFBC}") = "Lamda", "Lamda\Lamda.csproj", "{A4EDACEB-1C91-4557-862A-D072D4D72D6B}"
EndProject
Project("{FAE04EC0-301F-11D3-BF4B-00C04F79EFBC}") = "EFDemo", "EFDemo\EFDemo.csproj", "{F06E9DAE-893C-4742-90ED-5AD21B72A542}"
EndProject
Project("{FAE04EC0-301F-11D3-BF4B-00C04F79EFBC}") = "EFDemo.Tests", "EFDemo.Tests\EFDemo.Tests.csproj", "{5DC9FC50-C787-49AD-8EC4-CC56020ACC34}"
EndProject
Project("{FAE04EC0-301F-11D3-BF4B-00C04F79EFBC}") = "AppMvc", "AppMvc\AppMvc.csproj", "{99D64DC5-B600-46E5-B5F1-03605F0F2457}"
EndProject
Project("{FAE04EC0-301F-11D3-BF4B-00C04F79EFBC}") = "MVC.Model", "MVC.Model\MVC.Model.csproj", "{520B4598-E840-49A4-A9BE-146B691F3B00}"
EndProject
Project("{FAE04EC0-301F-11D3-BF4B-00C04F79EFBC}") = "AppMvcWebForm", "AppMvcWebForm\AppMvcWebForm.csproj", "{EFE096FD-60C7-4497-8B3A-F2FE12523D10}"
EndProject
Project("{FAE04EC0-301F-11D3-BF4B-00C04F79EFBC}") = "MVC.BLL", "MVC.BLL\MVC.BLL.csproj", "{71EBDBCD-99AE-4415-88FD-4F3D99DECAFB}"
EndProject
Project("{FAE04EC0-301F-11D3-BF4B-00C04F79EFBC}") = "MVC.Common", "MVC.Common\MVC.Common.csproj", "{BF0E86E3-FDBD-4FE8-823D-28E684188156}"
EndProject
Project("{FAE04EC0-301F-11D3-BF4B-00C04F79EFBC}") = "MVC.DAL", "MVC.DAL\MVC.DAL.csproj", "{CFB7FC2D-F60F-4763-A466-641F5B8925EF}"
EndProject
Project("{FAE04EC0-301F-11D3-BF4B-00C04F79EFBC}") = "MVC.DALFactory", "MVC.DALFactory\MVC.DALFactory.csproj", "{0FE651C1-09CA-45A7-940C-73642D6F39F9}"
EndProject
Project("{FAE04EC0-301F-11D3-BF4B-00C04F79EFBC}") = "MVC.IBLL", "MVC.IBLL\MVC.IBLL.csproj", "{721B74C2-F2AC-47F9-BD10-DBE3D3561BA3}"
EndProject
Project("{FAE04EC0-301F-11D3-BF4B-00C04F79EFBC}") = "MVC.IDAL", "MVC.IDAL\MVC.IDAL.csproj", "{6D18143E-A2B5-4F89-BC85-AFE662F35F28}"
EndProject
Project("{2150E333-8FDC-42A3-9474-1A3956D46DE8}") = "Allen.Demo", "Allen.Demo", "{EDB18543-9F70-4101-B973-037A50A745ED}"
EndProject
Project("{FAE04EC0-301F-11D3-BF4B-00C04F79EFBC}") = "SpringNetWin", "SpringNetWin\SpringNetWin.csproj", "{74BE7497-73DA-44D4-849E-B6FE91F7F25C}"
EndProject
Project("{FAE04EC0-301F-11D3-BF4B-00C04F79EFBC}") = "SprintCoreDemo", "SprintCoreDemo\SprintCoreDemo.csproj", "{D0703890-3272-421D-BA60-CE23D24C5375}"
EndProject
Project("{FAE04EC0-301F-11D3-BF4B-00C04F79EFBC}") = "MemcachedDemo", "MemcachedDemo\MemcachedDemo.csproj", "{05EADDE5-AEB7-47C8-8BAD-0D22F0D1B1AA}"
EndProject
Project("{2150E333-8FDC-42A3-9474-1A3956D46DE8}") = "Allen.Win10APP", "Allen.Win10APP", "{595D9B2F-12B2-400F-BD0E-9A155004F5D2}"
EndProject
Project("{2150E333-8FDC-42A3-9474-1A3956D46DE8}") = "Allen.Unity", "Allen.Unity", "{6CBFB3EB-08ED-40AB-B949-5520B1D8D9A9}"
EndProject
Project("{2150E333-8FDC-42A3-9474-1A3956D46DE8}") = "Allen.AspNet", "Allen.AspNet", "{B8AB0F8A-B41B-4B23-BB5B-6B4F1F3FB5D7}"
EndProject
Project("{FAE04EC0-301F-11D3-BF4B-00C04F79EFBC}") = "SimpleMVC", "SimpleMVC\SimpleMVC.csproj", "{96B2131C-40E1-4EFB-8314-2D3B2C67ADB4}"
EndProject
Project("{FAE04EC0-301F-11D3-BF4B-00C04F79EFBC}") = "SimpleMVCTwo", "SimpleMVCTwo\SimpleMVCTwo.csproj", "{B6E28ADB-2CD4-42BF-94F6-91842D1B9F71}"
EndProject
Project("{2150E333-8FDC-42A3-9474-1A3956D46DE8}") = "Allen.WinForm", "Allen.WinForm", "{189A3289-1536-4AE8-A8DB-5996251CE54F}"
	ProjectSection(SolutionItems) = preProject
		主要内容.txt = 主要内容.txt
	EndProjectSection
EndProject
Project("{FAE04EC0-301F-11D3-BF4B-00C04F79EFBC}") = "CaterUI", "CaterUI\CaterUI.csproj", "{58AE307E-F882-43A8-89CC-B831B53C3071}"
EndProject
Project("{FAE04EC0-301F-11D3-BF4B-00C04F79EFBC}") = "CaterModel", "CaterModel\CaterModel.csproj", "{A0DE6B9E-7580-43B5-9EA3-5312A39172AE}"
EndProject
Project("{FAE04EC0-301F-11D3-BF4B-00C04F79EFBC}") = "CaterBLL", "CaterBLL\CaterBLL.csproj", "{41D37118-D8DC-465A-B60F-6A3F939C5C4B}"
EndProject
Project("{FAE04EC0-301F-11D3-BF4B-00C04F79EFBC}") = "CaterDAL", "CaterDAL\CaterDAL.csproj", "{5CE2601D-9D30-419E-87A0-3E44BC4CE3D9}"
EndProject
Project("{FAE04EC0-301F-11D3-BF4B-00C04F79EFBC}") = "CaterCommon", "CaterCommon\CaterCommon.csproj", "{CAE594C6-D059-408E-8F71-0F63A3B5D09B}"
EndProject
Project("{2150E333-8FDC-42A3-9474-1A3956D46DE8}") = "复习", "复习", "{3AEDC3D6-0705-40E6-9B99-4A0FDF51B419}"
EndProject
Project("{FAE04EC0-301F-11D3-BF4B-00C04F79EFBC}") = "Test", "Test\Test.csproj", "{40A02A66-5228-4F9E-AB2B-ACF7AE6F449D}"
EndProject
Project("{2150E333-8FDC-42A3-9474-1A3956D46DE8}") = "Allen.BookShop", "Allen.BookShop", "{F826C977-6ED9-4EE2-A0F8-12FFD12F9341}"
EndProject
Project("{FAE04EC0-301F-11D3-BF4B-00C04F79EFBC}") = "WebShop", "WebShop\WebShop.csproj", "{905093B7-118C-4CE8-8CA3-1E9C8F088696}"
EndProject
Project("{2150E333-8FDC-42A3-9474-1A3956D46DE8}") = "test", "test", "{9D55BEED-6724-4F83-A794-7BF9846671B3}"
EndProject
Project("{FAE04EC0-301F-11D3-BF4B-00C04F79EFBC}") = "Shop.BLL", "Shop.BLL\Shop.BLL.csproj", "{66791ECA-EF2D-4064-A54F-C644F8127E0C}"
EndProject
Project("{FAE04EC0-301F-11D3-BF4B-00C04F79EFBC}") = "Shop.DAL", "Shop.DAL\Shop.DAL.csproj", "{410E971E-C60C-4A7A-9416-86EF038C083B}"
EndProject
Project("{FAE04EC0-301F-11D3-BF4B-00C04F79EFBC}") = "Shop.Common", "Shop.Common\Shop.Common.csproj", "{5B0FA321-C499-491A-8D54-084D8A307F2B}"
EndProject
Project("{FAE04EC0-301F-11D3-BF4B-00C04F79EFBC}") = "Shop.Model", "Shop.Model\Shop.Model.csproj", "{33427BB7-8C6A-428B-AEE5-AF038F96C5FE}"
EndProject
Project("{FAE04EC0-301F-11D3-BF4B-00C04F79EFBC}") = "Shop.Utility", "Shop.Utility\Shop.Utility.csproj", "{D9FECE39-FCAA-4BAB-98B0-D5774A9EF563}"
EndProject
Project("{FAE04EC0-301F-11D3-BF4B-00C04F79EFBC}") = "WebTest", "WebTest\WebTest.csproj", "{7039D585-715A-4727-92A4-07B951B0FF3A}"
EndProject
Project("{FAE04EC0-301F-11D3-BF4B-00C04F79EFBC}") = "AutoFacDemo", "AutoFacDemo\AutoFacDemo.csproj", "{E9924CB9-B6DE-440E-8AA8-643ABF258583}"
EndProject
Project("{FAE04EC0-301F-11D3-BF4B-00C04F79EFBC}") = "swaggerUIdemo1", "swaggerUIdemo1\swaggerUIdemo1.csproj", "{81F0CFDD-CCEF-4B90-B883-75081E7E1200}"
EndProject
Project("{FAE04EC0-301F-11D3-BF4B-00C04F79EFBC}") = "swaggerUIdemo1.Tests", "swaggerUIdemo1.Tests\swaggerUIdemo1.Tests.csproj", "{A1FAC011-5B0D-4463-99E0-CAB85B55AD38}"
EndProject
Global
	GlobalSection(SolutionConfigurationPlatforms) = preSolution
		Debug|Any CPU = Debug|Any CPU
		Release|Any CPU = Release|Any CPU
	EndGlobalSection
	GlobalSection(ProjectConfigurationPlatforms) = postSolution
		{6A78D6C4-FBFC-4963-938E-460E4E191C3E}.Debug|Any CPU.ActiveCfg = Debug|Any CPU
		{6A78D6C4-FBFC-4963-938E-460E4E191C3E}.Debug|Any CPU.Build.0 = Debug|Any CPU
		{6A78D6C4-FBFC-4963-938E-460E4E191C3E}.Release|Any CPU.ActiveCfg = Debug|Any CPU
		{6A78D6C4-FBFC-4963-938E-460E4E191C3E}.Release|Any CPU.Build.0 = Debug|Any CPU
		{CD608182-DB97-4BFA-93A1-FF6FDBFBC05C}.Debug|Any CPU.ActiveCfg = Debug|Any CPU
		{CD608182-DB97-4BFA-93A1-FF6FDBFBC05C}.Debug|Any CPU.Build.0 = Debug|Any CPU
		{CD608182-DB97-4BFA-93A1-FF6FDBFBC05C}.Release|Any CPU.ActiveCfg = Release|Any CPU
		{CD608182-DB97-4BFA-93A1-FF6FDBFBC05C}.Release|Any CPU.Build.0 = Release|Any CPU
		{E23E41F1-8D91-479D-B5BC-B3561EF7203B}.Debug|Any CPU.ActiveCfg = Debug|Any CPU
		{E23E41F1-8D91-479D-B5BC-B3561EF7203B}.Debug|Any CPU.Build.0 = Debug|Any CPU
		{E23E41F1-8D91-479D-B5BC-B3561EF7203B}.Release|Any CPU.ActiveCfg = Release|Any CPU
		{E23E41F1-8D91-479D-B5BC-B3561EF7203B}.Release|Any CPU.Build.0 = Release|Any CPU
		{7B24FBB5-0B5B-4518-A500-47C39B1904A0}.Debug|Any CPU.ActiveCfg = Debug|Any CPU
		{7B24FBB5-0B5B-4518-A500-47C39B1904A0}.Debug|Any CPU.Build.0 = Debug|Any CPU
		{7B24FBB5-0B5B-4518-A500-47C39B1904A0}.Release|Any CPU.ActiveCfg = Release|Any CPU
		{7B24FBB5-0B5B-4518-A500-47C39B1904A0}.Release|Any CPU.Build.0 = Release|Any CPU
		{B58A5364-C872-4039-AC74-64EBE432CD0D}.Debug|Any CPU.ActiveCfg = Debug|Any CPU
		{B58A5364-C872-4039-AC74-64EBE432CD0D}.Debug|Any CPU.Build.0 = Debug|Any CPU
		{B58A5364-C872-4039-AC74-64EBE432CD0D}.Release|Any CPU.ActiveCfg = Release|Any CPU
		{B58A5364-C872-4039-AC74-64EBE432CD0D}.Release|Any CPU.Build.0 = Release|Any CPU
		{400405F1-5F6C-4AE4-BF65-3F8ABCCDC038}.Debug|Any CPU.ActiveCfg = Debug|Any CPU
		{400405F1-5F6C-4AE4-BF65-3F8ABCCDC038}.Debug|Any CPU.Build.0 = Debug|Any CPU
		{400405F1-5F6C-4AE4-BF65-3F8ABCCDC038}.Release|Any CPU.ActiveCfg = Release|Any CPU
		{400405F1-5F6C-4AE4-BF65-3F8ABCCDC038}.Release|Any CPU.Build.0 = Release|Any CPU
		{2B99932B-5600-45F3-9C9A-9323D89CB243}.Debug|Any CPU.ActiveCfg = Debug|Any CPU
		{2B99932B-5600-45F3-9C9A-9323D89CB243}.Debug|Any CPU.Build.0 = Debug|Any CPU
		{2B99932B-5600-45F3-9C9A-9323D89CB243}.Release|Any CPU.ActiveCfg = Release|Any CPU
		{2B99932B-5600-45F3-9C9A-9323D89CB243}.Release|Any CPU.Build.0 = Release|Any CPU
		{207D0B01-0C70-491A-A6CC-66AFFA4CA673}.Debug|Any CPU.ActiveCfg = Debug|Any CPU
		{207D0B01-0C70-491A-A6CC-66AFFA4CA673}.Debug|Any CPU.Build.0 = Debug|Any CPU
		{207D0B01-0C70-491A-A6CC-66AFFA4CA673}.Release|Any CPU.ActiveCfg = Release|Any CPU
		{207D0B01-0C70-491A-A6CC-66AFFA4CA673}.Release|Any CPU.Build.0 = Release|Any CPU
		{3B319234-B199-47A9-84D9-A3F9DDB47ADE}.Debug|Any CPU.ActiveCfg = Debug|Any CPU
		{3B319234-B199-47A9-84D9-A3F9DDB47ADE}.Debug|Any CPU.Build.0 = Debug|Any CPU
		{3B319234-B199-47A9-84D9-A3F9DDB47ADE}.Release|Any CPU.ActiveCfg = Release|Any CPU
		{3B319234-B199-47A9-84D9-A3F9DDB47ADE}.Release|Any CPU.Build.0 = Release|Any CPU
		{F9CB2667-4F3B-465B-8530-C22079C08D60}.Debug|Any CPU.ActiveCfg = Debug|Any CPU
		{F9CB2667-4F3B-465B-8530-C22079C08D60}.Debug|Any CPU.Build.0 = Debug|Any CPU
		{F9CB2667-4F3B-465B-8530-C22079C08D60}.Release|Any CPU.ActiveCfg = Release|Any CPU
		{F9CB2667-4F3B-465B-8530-C22079C08D60}.Release|Any CPU.Build.0 = Release|Any CPU
		{A4EDACEB-1C91-4557-862A-D072D4D72D6B}.Debug|Any CPU.ActiveCfg = Debug|Any CPU
		{A4EDACEB-1C91-4557-862A-D072D4D72D6B}.Debug|Any CPU.Build.0 = Debug|Any CPU
		{A4EDACEB-1C91-4557-862A-D072D4D72D6B}.Release|Any CPU.ActiveCfg = Release|Any CPU
		{A4EDACEB-1C91-4557-862A-D072D4D72D6B}.Release|Any CPU.Build.0 = Release|Any CPU
		{F06E9DAE-893C-4742-90ED-5AD21B72A542}.Debug|Any CPU.ActiveCfg = Debug|Any CPU
		{F06E9DAE-893C-4742-90ED-5AD21B72A542}.Debug|Any CPU.Build.0 = Debug|Any CPU
		{F06E9DAE-893C-4742-90ED-5AD21B72A542}.Release|Any CPU.ActiveCfg = Release|Any CPU
		{F06E9DAE-893C-4742-90ED-5AD21B72A542}.Release|Any CPU.Build.0 = Release|Any CPU
		{5DC9FC50-C787-49AD-8EC4-CC56020ACC34}.Debug|Any CPU.ActiveCfg = Debug|Any CPU
		{5DC9FC50-C787-49AD-8EC4-CC56020ACC34}.Debug|Any CPU.Build.0 = Debug|Any CPU
		{5DC9FC50-C787-49AD-8EC4-CC56020ACC34}.Release|Any CPU.ActiveCfg = Release|Any CPU
		{5DC9FC50-C787-49AD-8EC4-CC56020ACC34}.Release|Any CPU.Build.0 = Release|Any CPU
		{99D64DC5-B600-46E5-B5F1-03605F0F2457}.Debug|Any CPU.ActiveCfg = Debug|Any CPU
		{99D64DC5-B600-46E5-B5F1-03605F0F2457}.Debug|Any CPU.Build.0 = Debug|Any CPU
		{99D64DC5-B600-46E5-B5F1-03605F0F2457}.Release|Any CPU.ActiveCfg = Release|Any CPU
		{99D64DC5-B600-46E5-B5F1-03605F0F2457}.Release|Any CPU.Build.0 = Release|Any CPU
		{520B4598-E840-49A4-A9BE-146B691F3B00}.Debug|Any CPU.ActiveCfg = Debug|Any CPU
		{520B4598-E840-49A4-A9BE-146B691F3B00}.Debug|Any CPU.Build.0 = Debug|Any CPU
		{520B4598-E840-49A4-A9BE-146B691F3B00}.Release|Any CPU.ActiveCfg = Release|Any CPU
		{520B4598-E840-49A4-A9BE-146B691F3B00}.Release|Any CPU.Build.0 = Release|Any CPU
		{EFE096FD-60C7-4497-8B3A-F2FE12523D10}.Debug|Any CPU.ActiveCfg = Debug|Any CPU
		{EFE096FD-60C7-4497-8B3A-F2FE12523D10}.Debug|Any CPU.Build.0 = Debug|Any CPU
		{EFE096FD-60C7-4497-8B3A-F2FE12523D10}.Release|Any CPU.ActiveCfg = Release|Any CPU
		{EFE096FD-60C7-4497-8B3A-F2FE12523D10}.Release|Any CPU.Build.0 = Release|Any CPU
		{71EBDBCD-99AE-4415-88FD-4F3D99DECAFB}.Debug|Any CPU.ActiveCfg = Debug|Any CPU
		{71EBDBCD-99AE-4415-88FD-4F3D99DECAFB}.Debug|Any CPU.Build.0 = Debug|Any CPU
		{71EBDBCD-99AE-4415-88FD-4F3D99DECAFB}.Release|Any CPU.ActiveCfg = Release|Any CPU
		{71EBDBCD-99AE-4415-88FD-4F3D99DECAFB}.Release|Any CPU.Build.0 = Release|Any CPU
		{BF0E86E3-FDBD-4FE8-823D-28E684188156}.Debug|Any CPU.ActiveCfg = Debug|Any CPU
		{BF0E86E3-FDBD-4FE8-823D-28E684188156}.Debug|Any CPU.Build.0 = Debug|Any CPU
		{BF0E86E3-FDBD-4FE8-823D-28E684188156}.Release|Any CPU.ActiveCfg = Release|Any CPU
		{BF0E86E3-FDBD-4FE8-823D-28E684188156}.Release|Any CPU.Build.0 = Release|Any CPU
		{CFB7FC2D-F60F-4763-A466-641F5B8925EF}.Debug|Any CPU.ActiveCfg = Debug|Any CPU
		{CFB7FC2D-F60F-4763-A466-641F5B8925EF}.Debug|Any CPU.Build.0 = Debug|Any CPU
		{CFB7FC2D-F60F-4763-A466-641F5B8925EF}.Release|Any CPU.ActiveCfg = Release|Any CPU
		{CFB7FC2D-F60F-4763-A466-641F5B8925EF}.Release|Any CPU.Build.0 = Release|Any CPU
		{0FE651C1-09CA-45A7-940C-73642D6F39F9}.Debug|Any CPU.ActiveCfg = Debug|Any CPU
		{0FE651C1-09CA-45A7-940C-73642D6F39F9}.Debug|Any CPU.Build.0 = Debug|Any CPU
		{0FE651C1-09CA-45A7-940C-73642D6F39F9}.Release|Any CPU.ActiveCfg = Release|Any CPU
		{0FE651C1-09CA-45A7-940C-73642D6F39F9}.Release|Any CPU.Build.0 = Release|Any CPU
		{721B74C2-F2AC-47F9-BD10-DBE3D3561BA3}.Debug|Any CPU.ActiveCfg = Debug|Any CPU
		{721B74C2-F2AC-47F9-BD10-DBE3D3561BA3}.Debug|Any CPU.Build.0 = Debug|Any CPU
		{721B74C2-F2AC-47F9-BD10-DBE3D3561BA3}.Release|Any CPU.ActiveCfg = Release|Any CPU
		{721B74C2-F2AC-47F9-BD10-DBE3D3561BA3}.Release|Any CPU.Build.0 = Release|Any CPU
		{6D18143E-A2B5-4F89-BC85-AFE662F35F28}.Debug|Any CPU.ActiveCfg = Debug|Any CPU
		{6D18143E-A2B5-4F89-BC85-AFE662F35F28}.Debug|Any CPU.Build.0 = Debug|Any CPU
		{6D18143E-A2B5-4F89-BC85-AFE662F35F28}.Release|Any CPU.ActiveCfg = Release|Any CPU
		{6D18143E-A2B5-4F89-BC85-AFE662F35F28}.Release|Any CPU.Build.0 = Release|Any CPU
		{74BE7497-73DA-44D4-849E-B6FE91F7F25C}.Debug|Any CPU.ActiveCfg = Debug|Any CPU
		{74BE7497-73DA-44D4-849E-B6FE91F7F25C}.Debug|Any CPU.Build.0 = Debug|Any CPU
		{74BE7497-73DA-44D4-849E-B6FE91F7F25C}.Release|Any CPU.ActiveCfg = Release|Any CPU
		{74BE7497-73DA-44D4-849E-B6FE91F7F25C}.Release|Any CPU.Build.0 = Release|Any CPU
		{D0703890-3272-421D-BA60-CE23D24C5375}.Debug|Any CPU.ActiveCfg = Debug|Any CPU
		{D0703890-3272-421D-BA60-CE23D24C5375}.Debug|Any CPU.Build.0 = Debug|Any CPU
		{D0703890-3272-421D-BA60-CE23D24C5375}.Release|Any CPU.ActiveCfg = Release|Any CPU
		{D0703890-3272-421D-BA60-CE23D24C5375}.Release|Any CPU.Build.0 = Release|Any CPU
		{05EADDE5-AEB7-47C8-8BAD-0D22F0D1B1AA}.Debug|Any CPU.ActiveCfg = Debug|Any CPU
		{05EADDE5-AEB7-47C8-8BAD-0D22F0D1B1AA}.Debug|Any CPU.Build.0 = Debug|Any CPU
		{05EADDE5-AEB7-47C8-8BAD-0D22F0D1B1AA}.Release|Any CPU.ActiveCfg = Release|Any CPU
		{05EADDE5-AEB7-47C8-8BAD-0D22F0D1B1AA}.Release|Any CPU.Build.0 = Release|Any CPU
		{96B2131C-40E1-4EFB-8314-2D3B2C67ADB4}.Debug|Any CPU.ActiveCfg = Debug|Any CPU
		{96B2131C-40E1-4EFB-8314-2D3B2C67ADB4}.Debug|Any CPU.Build.0 = Debug|Any CPU
		{96B2131C-40E1-4EFB-8314-2D3B2C67ADB4}.Release|Any CPU.ActiveCfg = Release|Any CPU
		{96B2131C-40E1-4EFB-8314-2D3B2C67ADB4}.Release|Any CPU.Build.0 = Release|Any CPU
		{B6E28ADB-2CD4-42BF-94F6-91842D1B9F71}.Debug|Any CPU.ActiveCfg = Debug|Any CPU
		{B6E28ADB-2CD4-42BF-94F6-91842D1B9F71}.Debug|Any CPU.Build.0 = Debug|Any CPU
		{B6E28ADB-2CD4-42BF-94F6-91842D1B9F71}.Release|Any CPU.ActiveCfg = Release|Any CPU
		{B6E28ADB-2CD4-42BF-94F6-91842D1B9F71}.Release|Any CPU.Build.0 = Release|Any CPU
		{58AE307E-F882-43A8-89CC-B831B53C3071}.Debug|Any CPU.ActiveCfg = Debug|Any CPU
		{58AE307E-F882-43A8-89CC-B831B53C3071}.Debug|Any CPU.Build.0 = Debug|Any CPU
		{58AE307E-F882-43A8-89CC-B831B53C3071}.Release|Any CPU.ActiveCfg = Release|Any CPU
		{58AE307E-F882-43A8-89CC-B831B53C3071}.Release|Any CPU.Build.0 = Release|Any CPU
		{A0DE6B9E-7580-43B5-9EA3-5312A39172AE}.Debug|Any CPU.ActiveCfg = Debug|Any CPU
		{A0DE6B9E-7580-43B5-9EA3-5312A39172AE}.Debug|Any CPU.Build.0 = Debug|Any CPU
		{A0DE6B9E-7580-43B5-9EA3-5312A39172AE}.Release|Any CPU.ActiveCfg = Release|Any CPU
		{A0DE6B9E-7580-43B5-9EA3-5312A39172AE}.Release|Any CPU.Build.0 = Release|Any CPU
		{41D37118-D8DC-465A-B60F-6A3F939C5C4B}.Debug|Any CPU.ActiveCfg = Debug|Any CPU
		{41D37118-D8DC-465A-B60F-6A3F939C5C4B}.Debug|Any CPU.Build.0 = Debug|Any CPU
		{41D37118-D8DC-465A-B60F-6A3F939C5C4B}.Release|Any CPU.ActiveCfg = Release|Any CPU
		{41D37118-D8DC-465A-B60F-6A3F939C5C4B}.Release|Any CPU.Build.0 = Release|Any CPU
		{5CE2601D-9D30-419E-87A0-3E44BC4CE3D9}.Debug|Any CPU.ActiveCfg = Debug|Any CPU
		{5CE2601D-9D30-419E-87A0-3E44BC4CE3D9}.Debug|Any CPU.Build.0 = Debug|Any CPU
		{5CE2601D-9D30-419E-87A0-3E44BC4CE3D9}.Release|Any CPU.ActiveCfg = Release|Any CPU
		{5CE2601D-9D30-419E-87A0-3E44BC4CE3D9}.Release|Any CPU.Build.0 = Release|Any CPU
		{CAE594C6-D059-408E-8F71-0F63A3B5D09B}.Debug|Any CPU.ActiveCfg = Debug|Any CPU
		{CAE594C6-D059-408E-8F71-0F63A3B5D09B}.Debug|Any CPU.Build.0 = Debug|Any CPU
		{CAE594C6-D059-408E-8F71-0F63A3B5D09B}.Release|Any CPU.ActiveCfg = Release|Any CPU
		{CAE594C6-D059-408E-8F71-0F63A3B5D09B}.Release|Any CPU.Build.0 = Release|Any CPU
		{40A02A66-5228-4F9E-AB2B-ACF7AE6F449D}.Debug|Any CPU.ActiveCfg = Debug|Any CPU
		{40A02A66-5228-4F9E-AB2B-ACF7AE6F449D}.Debug|Any CPU.Build.0 = Debug|Any CPU
		{40A02A66-5228-4F9E-AB2B-ACF7AE6F449D}.Release|Any CPU.ActiveCfg = Release|Any CPU
		{40A02A66-5228-4F9E-AB2B-ACF7AE6F449D}.Release|Any CPU.Build.0 = Release|Any CPU
		{905093B7-118C-4CE8-8CA3-1E9C8F088696}.Debug|Any CPU.ActiveCfg = Debug|Any CPU
		{905093B7-118C-4CE8-8CA3-1E9C8F088696}.Debug|Any CPU.Build.0 = Debug|Any CPU
		{905093B7-118C-4CE8-8CA3-1E9C8F088696}.Release|Any CPU.ActiveCfg = Release|Any CPU
		{905093B7-118C-4CE8-8CA3-1E9C8F088696}.Release|Any CPU.Build.0 = Release|Any CPU
		{66791ECA-EF2D-4064-A54F-C644F8127E0C}.Debug|Any CPU.ActiveCfg = Debug|Any CPU
		{66791ECA-EF2D-4064-A54F-C644F8127E0C}.Debug|Any CPU.Build.0 = Debug|Any CPU
		{66791ECA-EF2D-4064-A54F-C644F8127E0C}.Release|Any CPU.ActiveCfg = Release|Any CPU
		{66791ECA-EF2D-4064-A54F-C644F8127E0C}.Release|Any CPU.Build.0 = Release|Any CPU
		{410E971E-C60C-4A7A-9416-86EF038C083B}.Debug|Any CPU.ActiveCfg = Debug|Any CPU
		{410E971E-C60C-4A7A-9416-86EF038C083B}.Debug|Any CPU.Build.0 = Debug|Any CPU
		{410E971E-C60C-4A7A-9416-86EF038C083B}.Release|Any CPU.ActiveCfg = Release|Any CPU
		{410E971E-C60C-4A7A-9416-86EF038C083B}.Release|Any CPU.Build.0 = Release|Any CPU
		{5B0FA321-C499-491A-8D54-084D8A307F2B}.Debug|Any CPU.ActiveCfg = Debug|Any CPU
		{5B0FA321-C499-491A-8D54-084D8A307F2B}.Debug|Any CPU.Build.0 = Debug|Any CPU
		{5B0FA321-C499-491A-8D54-084D8A307F2B}.Release|Any CPU.ActiveCfg = Release|Any CPU
		{5B0FA321-C499-491A-8D54-084D8A307F2B}.Release|Any CPU.Build.0 = Release|Any CPU
		{33427BB7-8C6A-428B-AEE5-AF038F96C5FE}.Debug|Any CPU.ActiveCfg = Debug|Any CPU
		{33427BB7-8C6A-428B-AEE5-AF038F96C5FE}.Debug|Any CPU.Build.0 = Debug|Any CPU
		{33427BB7-8C6A-428B-AEE5-AF038F96C5FE}.Release|Any CPU.ActiveCfg = Release|Any CPU
		{33427BB7-8C6A-428B-AEE5-AF038F96C5FE}.Release|Any CPU.Build.0 = Release|Any CPU
		{D9FECE39-FCAA-4BAB-98B0-D5774A9EF563}.Debug|Any CPU.ActiveCfg = Debug|Any CPU
		{D9FECE39-FCAA-4BAB-98B0-D5774A9EF563}.Debug|Any CPU.Build.0 = Debug|Any CPU
		{D9FECE39-FCAA-4BAB-98B0-D5774A9EF563}.Release|Any CPU.ActiveCfg = Release|Any CPU
		{D9FECE39-FCAA-4BAB-98B0-D5774A9EF563}.Release|Any CPU.Build.0 = Release|Any CPU
		{7039D585-715A-4727-92A4-07B951B0FF3A}.Debug|Any CPU.ActiveCfg = Debug|Any CPU
		{7039D585-715A-4727-92A4-07B951B0FF3A}.Debug|Any CPU.Build.0 = Debug|Any CPU
		{7039D585-715A-4727-92A4-07B951B0FF3A}.Release|Any CPU.ActiveCfg = Release|Any CPU
		{7039D585-715A-4727-92A4-07B951B0FF3A}.Release|Any CPU.Build.0 = Release|Any CPU
		{E9924CB9-B6DE-440E-8AA8-643ABF258583}.Debug|Any CPU.ActiveCfg = Debug|Any CPU
		{E9924CB9-B6DE-440E-8AA8-643ABF258583}.Debug|Any CPU.Build.0 = Debug|Any CPU
		{E9924CB9-B6DE-440E-8AA8-643ABF258583}.Release|Any CPU.ActiveCfg = Release|Any CPU
		{E9924CB9-B6DE-440E-8AA8-643ABF258583}.Release|Any CPU.Build.0 = Release|Any CPU
		{81F0CFDD-CCEF-4B90-B883-75081E7E1200}.Debug|Any CPU.ActiveCfg = Debug|Any CPU
		{81F0CFDD-CCEF-4B90-B883-75081E7E1200}.Debug|Any CPU.Build.0 = Debug|Any CPU
		{81F0CFDD-CCEF-4B90-B883-75081E7E1200}.Release|Any CPU.ActiveCfg = Release|Any CPU
		{81F0CFDD-CCEF-4B90-B883-75081E7E1200}.Release|Any CPU.Build.0 = Release|Any CPU
		{A1FAC011-5B0D-4463-99E0-CAB85B55AD38}.Debug|Any CPU.ActiveCfg = Debug|Any CPU
		{A1FAC011-5B0D-4463-99E0-CAB85B55AD38}.Debug|Any CPU.Build.0 = Debug|Any CPU
		{A1FAC011-5B0D-4463-99E0-CAB85B55AD38}.Release|Any CPU.ActiveCfg = Release|Any CPU
		{A1FAC011-5B0D-4463-99E0-CAB85B55AD38}.Release|Any CPU.Build.0 = Release|Any CPU
	EndGlobalSection
	GlobalSection(SolutionProperties) = preSolution
		HideSolutionNode = FALSE
	EndGlobalSection
	GlobalSection(NestedProjects) = preSolution
		{6A78D6C4-FBFC-4963-938E-460E4E191C3E} = {CB0F4B45-3F52-4DAE-9E2D-595D39BCE798}
		{CD608182-DB97-4BFA-93A1-FF6FDBFBC05C} = {CB0F4B45-3F52-4DAE-9E2D-595D39BCE798}
		{E23E41F1-8D91-479D-B5BC-B3561EF7203B} = {CB0F4B45-3F52-4DAE-9E2D-595D39BCE798}
		{7B24FBB5-0B5B-4518-A500-47C39B1904A0} = {CB0F4B45-3F52-4DAE-9E2D-595D39BCE798}
		{B58A5364-C872-4039-AC74-64EBE432CD0D} = {CB0F4B45-3F52-4DAE-9E2D-595D39BCE798}
		{400405F1-5F6C-4AE4-BF65-3F8ABCCDC038} = {CB0F4B45-3F52-4DAE-9E2D-595D39BCE798}
		{2B99932B-5600-45F3-9C9A-9323D89CB243} = {CB0F4B45-3F52-4DAE-9E2D-595D39BCE798}
		{207D0B01-0C70-491A-A6CC-66AFFA4CA673} = {83E9B885-FD74-409B-9FB4-38B7A8216AD4}
		{3B319234-B199-47A9-84D9-A3F9DDB47ADE} = {83E9B885-FD74-409B-9FB4-38B7A8216AD4}
		{F9CB2667-4F3B-465B-8530-C22079C08D60} = {83E9B885-FD74-409B-9FB4-38B7A8216AD4}
		{A4EDACEB-1C91-4557-862A-D072D4D72D6B} = {FEFDE683-D08A-44CF-8980-044804E83750}
		{F06E9DAE-893C-4742-90ED-5AD21B72A542} = {FEFDE683-D08A-44CF-8980-044804E83750}
		{5DC9FC50-C787-49AD-8EC4-CC56020ACC34} = {FEFDE683-D08A-44CF-8980-044804E83750}
		{99D64DC5-B600-46E5-B5F1-03605F0F2457} = {BEEFC14C-813D-45FA-8E69-FC17BC20D398}
		{520B4598-E840-49A4-A9BE-146B691F3B00} = {BEEFC14C-813D-45FA-8E69-FC17BC20D398}
		{EFE096FD-60C7-4497-8B3A-F2FE12523D10} = {BEEFC14C-813D-45FA-8E69-FC17BC20D398}
		{71EBDBCD-99AE-4415-88FD-4F3D99DECAFB} = {BEEFC14C-813D-45FA-8E69-FC17BC20D398}
		{BF0E86E3-FDBD-4FE8-823D-28E684188156} = {BEEFC14C-813D-45FA-8E69-FC17BC20D398}
		{CFB7FC2D-F60F-4763-A466-641F5B8925EF} = {BEEFC14C-813D-45FA-8E69-FC17BC20D398}
		{0FE651C1-09CA-45A7-940C-73642D6F39F9} = {BEEFC14C-813D-45FA-8E69-FC17BC20D398}
		{721B74C2-F2AC-47F9-BD10-DBE3D3561BA3} = {BEEFC14C-813D-45FA-8E69-FC17BC20D398}
		{6D18143E-A2B5-4F89-BC85-AFE662F35F28} = {BEEFC14C-813D-45FA-8E69-FC17BC20D398}
		{74BE7497-73DA-44D4-849E-B6FE91F7F25C} = {EDB18543-9F70-4101-B973-037A50A745ED}
		{D0703890-3272-421D-BA60-CE23D24C5375} = {EDB18543-9F70-4101-B973-037A50A745ED}
		{05EADDE5-AEB7-47C8-8BAD-0D22F0D1B1AA} = {EDB18543-9F70-4101-B973-037A50A745ED}
		{96B2131C-40E1-4EFB-8314-2D3B2C67ADB4} = {B8AB0F8A-B41B-4B23-BB5B-6B4F1F3FB5D7}
		{B6E28ADB-2CD4-42BF-94F6-91842D1B9F71} = {B8AB0F8A-B41B-4B23-BB5B-6B4F1F3FB5D7}
		{58AE307E-F882-43A8-89CC-B831B53C3071} = {189A3289-1536-4AE8-A8DB-5996251CE54F}
		{A0DE6B9E-7580-43B5-9EA3-5312A39172AE} = {189A3289-1536-4AE8-A8DB-5996251CE54F}
		{41D37118-D8DC-465A-B60F-6A3F939C5C4B} = {189A3289-1536-4AE8-A8DB-5996251CE54F}
		{5CE2601D-9D30-419E-87A0-3E44BC4CE3D9} = {189A3289-1536-4AE8-A8DB-5996251CE54F}
		{CAE594C6-D059-408E-8F71-0F63A3B5D09B} = {189A3289-1536-4AE8-A8DB-5996251CE54F}
		{3AEDC3D6-0705-40E6-9B99-4A0FDF51B419} = {189A3289-1536-4AE8-A8DB-5996251CE54F}
		{40A02A66-5228-4F9E-AB2B-ACF7AE6F449D} = {3AEDC3D6-0705-40E6-9B99-4A0FDF51B419}
		{905093B7-118C-4CE8-8CA3-1E9C8F088696} = {F826C977-6ED9-4EE2-A0F8-12FFD12F9341}
		{9D55BEED-6724-4F83-A794-7BF9846671B3} = {F826C977-6ED9-4EE2-A0F8-12FFD12F9341}
		{66791ECA-EF2D-4064-A54F-C644F8127E0C} = {F826C977-6ED9-4EE2-A0F8-12FFD12F9341}
		{410E971E-C60C-4A7A-9416-86EF038C083B} = {F826C977-6ED9-4EE2-A0F8-12FFD12F9341}
		{5B0FA321-C499-491A-8D54-084D8A307F2B} = {F826C977-6ED9-4EE2-A0F8-12FFD12F9341}
		{33427BB7-8C6A-428B-AEE5-AF038F96C5FE} = {F826C977-6ED9-4EE2-A0F8-12FFD12F9341}
		{D9FECE39-FCAA-4BAB-98B0-D5774A9EF563} = {F826C977-6ED9-4EE2-A0F8-12FFD12F9341}
		{7039D585-715A-4727-92A4-07B951B0FF3A} = {F826C977-6ED9-4EE2-A0F8-12FFD12F9341}
		{E9924CB9-B6DE-440E-8AA8-643ABF258583} = {EDB18543-9F70-4101-B973-037A50A745ED}
		{81F0CFDD-CCEF-4B90-B883-75081E7E1200} = {EDB18543-9F70-4101-B973-037A50A745ED}
		{A1FAC011-5B0D-4463-99E0-CAB85B55AD38} = {EDB18543-9F70-4101-B973-037A50A745ED}
	EndGlobalSection
	GlobalSection(ExtensibilityGlobals) = postSolution
		SolutionGuid = {AE00C3A3-5B62-4A95-91DB-4A264F019104}
	EndGlobalSection
EndGlobal
