
Microsoft Visual Studio Solution File, Format Version 12.00
# Visual Studio 15
VisualStudioVersion = 15.0.28307.489
MinimumVisualStudioVersion = 10.0.40219.1
Project("{FAE04EC0-301F-11D3-BF4B-00C04F79EFBC}") = "01-sqlConnection", "01-sqlConnection\01-sqlConnection.csproj", "{F8830E7B-3234-4924-B33C-6FC044D744C8}"
EndProject
Project("{FAE04EC0-301F-11D3-BF4B-00C04F79EFBC}") = "02-ConnectionPool", "02-ConnectionPool\02-ConnectionPool.csproj", "{D15C0239-4DB4-451A-87C7-801D12FBC71E}"
EndProject
Global
	GlobalSection(SolutionConfigurationPlatforms) = preSolution
		Debug|Any CPU = Debug|Any CPU
		Release|Any CPU = Release|Any CPU
	EndGlobalSection
	GlobalSection(ProjectConfigurationPlatforms) = postSolution
		{F8830E7B-3234-4924-B33C-6FC044D744C8}.Debug|Any CPU.ActiveCfg = Debug|Any CPU
		{F8830E7B-3234-4924-B33C-6FC044D744C8}.Debug|Any CPU.Build.0 = Debug|Any CPU
		{F8830E7B-3234-4924-B33C-6FC044D744C8}.Release|Any CPU.ActiveCfg = Release|Any CPU
		{F8830E7B-3234-4924-B33C-6FC044D744C8}.Release|Any CPU.Build.0 = Release|Any CPU
		{D15C0239-4DB4-451A-87C7-801D12FBC71E}.Debug|Any CPU.ActiveCfg = Debug|Any CPU
		{D15C0239-4DB4-451A-87C7-801D12FBC71E}.Debug|Any CPU.Build.0 = Debug|Any CPU
		{D15C0239-4DB4-451A-87C7-801D12FBC71E}.Release|Any CPU.ActiveCfg = Release|Any CPU
		{D15C0239-4DB4-451A-87C7-801D12FBC71E}.Release|Any CPU.Build.0 = Release|Any CPU
	EndGlobalSection
	GlobalSection(SolutionProperties) = preSolution
		HideSolutionNode = FALSE
	EndGlobalSection
	GlobalSection(ExtensibilityGlobals) = postSolution
		SolutionGuid = {49CB38B2-6496-492E-9D2A-2DC291AABE2A}
	EndGlobalSection
EndGlobal
